// !$*UTF8*$!
{
	archiveVersion = 1;
	classes = {
	};
	objectVersion = 46;
	objects = {

/* Begin PBXBuildFile section */
		F62687821DB1B891000D5499 /* AppDelegate.swift in Sources */ = {isa = PBXBuildFile; fileRef = F62687811DB1B891000D5499 /* AppDelegate.swift */; };
		F62687841DB1B891000D5499 /* ViewController.swift in Sources */ = {isa = PBXBuildFile; fileRef = F62687831DB1B891000D5499 /* ViewController.swift */; };
		F62687871DB1B891000D5499 /* Main.storyboard in Resources */ = {isa = PBXBuildFile; fileRef = F62687851DB1B891000D5499 /* Main.storyboard */; };
		F62687891DB1B891000D5499 /* Assets.xcassets in Resources */ = {isa = PBXBuildFile; fileRef = F62687881DB1B891000D5499 /* Assets.xcassets */; };
		F626878C1DB1B891000D5499 /* LaunchScreen.storyboard in Resources */ = {isa = PBXBuildFile; fileRef = F626878A1DB1B891000D5499 /* LaunchScreen.storyboard */; };
		F62687951DB1C1E1000D5499 /* Photos.framework in Frameworks */ = {isa = PBXBuildFile; fileRef = F62687941DB1C1E1000D5499 /* Photos.framework */; };
/* End PBXBuildFile section */

/* Begin PBXFileReference section */
		F626877E1DB1B891000D5499 /* ImageFilter.app */ = {isa = PBXFileReference; explicitFileType = wrapper.application; includeInIndex = 0; path = ImageFilter.app; sourceTree = BUILT_PRODUCTS_DIR; };
		F62687811DB1B891000D5499 /* AppDelegate.swift */ = {isa = PBXFileReference; lastKnownFileType = sourcecode.swift; path = AppDelegate.swift; sourceTree = "<group>"; };
		F62687831DB1B891000D5499 /* ViewController.swift */ = {isa = PBXFileReference; lastKnownFileType = sourcecode.swift; path = ViewController.swift; sourceTree = "<group>"; };
		F62687861DB1B891000D5499 /* Base */ = {isa = PBXFileReference; lastKnownFileType = file.storyboard; name = Base; path = Base.lproj/Main.storyboard; sourceTree = "<group>"; };
		F62687881DB1B891000D5499 /* Assets.xcassets */ = {isa = PBXFileReference; lastKnownFileType = folder.assetcatalog; path = Assets.xcassets; sourceTree = "<group>"; };
		F626878B1DB1B891000D5499 /* Base */ = {isa = PBXFileReference; lastKnownFileType = file.storyboard; name = Base; path = Base.lproj/LaunchScreen.storyboard; sourceTree = "<group>"; };
		F626878D1DB1B891000D5499 /* Info.plist */ = {isa = PBXFileReference; lastKnownFileType = text.plist.xml; path = Info.plist; sourceTree = "<group>"; };
		F62687941DB1C1E1000D5499 /* Photos.framework */ = {isa = PBXFileReference; lastKnownFileType = wrapper.framework; name = Photos.framework; path = System/Library/Frameworks/Photos.framework; sourceTree = SDKROOT; };
/* End PBXFileReference section */

/* Begin PBXFrameworksBuildPhase section */
		F626877B1DB1B891000D5499 /* Frameworks */ = {
			isa = PBXFrameworksBuildPhase;
			buildActionMask = 2147483647;
			files = (
				F62687951DB1C1E1000D5499 /* Photos.framework in Frameworks */,
			);
			runOnlyForDeploymentPostprocessing = 0;
		};
/* End PBXFrameworksBuildPhase section */

/* Begin PBXGroup section */
		F62687751DB1B891000D5499 = {
			isa = PBXGroup;
			children = (
				F62687801DB1B891000D5499 /* ImageFilter */,
				F626877F1DB1B891000D5499 /* Products */,
				F62687931DB1C1E0000D5499 /* Frameworks */,
			);
			sourceTree = "<group>";
		};
		F626877F1DB1B891000D5499 /* Products */ = {
			isa = PBXGroup;
			children = (
				F626877E1DB1B891000D5499 /* ImageFilter.app */,
			);
			name = Products;
			sourceTree = "<group>";
		};
		F62687801DB1B891000D5499 /* ImageFilter */ = {
			isa = PBXGroup;
			children = (
				F62687811DB1B891000D5499 /* AppDelegate.swift */,
				F62687831DB1B891000D5499 /* ViewController.swift */,
				F62687851DB1B891000D5499 /* Main.storyboard */,
				F62687881DB1B891000D5499 /* Assets.xcassets */,
				F626878A1DB1B891000D5499 /* LaunchScreen.storyboard */,
				F626878D1DB1B891000D5499 /* Info.plist */,
			);
			path = ImageFilter;
			sourceTree = "<group>";
		};
		F62687931DB1C1E0000D5499 /* Frameworks */ = {
			isa = PBXGroup;
			children = (
				F62687941DB1C1E1000D5499 /* Photos.framework */,
			);
			name = Frameworks;
			sourceTree = "<group>";
		};
/* End PBXGroup section */

/* Begin PBXNativeTarget section */
		F626877D1DB1B891000D5499 /* ImageFilter */ = {
			isa = PBXNativeTarget;
			buildConfigurationList = F62687901DB1B891000D5499 /* Build configuration list for PBXNativeTarget "ImageFilter" */;
			buildPhases = (
				F626877A1DB1B891000D5499 /* Sources */,
				F626877B1DB1B891000D5499 /* Frameworks */,
				F626877C1DB1B891000D5499 /* Resources */,
			);
			buildRules = (
			);
			dependencies = (
			);
			name = ImageFilter;
			productName = ImageFilter;
			productReference = F626877E1DB1B891000D5499 /* ImageFilter.app */;
			productType = "com.apple.product-type.application";
		};
/* End PBXNativeTarget section */

/* Begin PBXProject section */
		F62687761DB1B891000D5499 /* Project object */ = {
			isa = PBXProject;
			attributes = {
				LastSwiftUpdateCheck = 0800;
				LastUpgradeCheck = 0800;
				ORGANIZATIONNAME = "Laurent Shala";
				TargetAttributes = {
					F626877D1DB1B891000D5499 = {
						CreatedOnToolsVersion = 8.0;
						DevelopmentTeam = 56BZK6T4P5;
						ProvisioningStyle = Automatic;
					};
				};
			};
			buildConfigurationList = F62687791DB1B891000D5499 /* Build configuration list for PBXProject "ImageFilter" */;
			compatibilityVersion = "Xcode 3.2";
			developmentRegion = English;
			hasScannedForEncodings = 0;
			knownRegions = (
				en,
				Base,
			);
			mainGroup = F62687751DB1B891000D5499;
			productRefGroup = F626877F1DB1B891000D5499 /* Products */;
			projectDirPath = "";
			projectRoot = "";
			targets = (
				F626877D1DB1B891000D5499 /* ImageFilter */,
			);
		};
/* End PBXProject section */

/* Begin PBXResourcesBuildPhase section */
		F626877C1DB1B891000D5499 /* Resources */ = {
			isa = PBXResourcesBuildPhase;
			buildActionMask = 2147483647;
			files = (
				F626878C1DB1B891000D5499 /* LaunchScreen.storyboard in Resources */,
				F62687891DB1B891000D5499 /* Assets.xcassets in Resources */,
				F62687871DB1B891000D5499 /* Main.storyboard in Resources */,
			);
			runOnlyForDeploymentPostprocessing = 0;
		};
/* End PBXResourcesBuildPhase section */

/* Begin PBXSourcesBuildPhase section */
		F626877A1DB1B891000D5499 /* Sources */ = {
			isa = PBXSourcesBuildPhase;
			buildActionMask = 2147483647;
			files = (
				F62687841DB1B891000D5499 /* ViewController.swift in Sources */,
				F62687821DB1B891000D5499 /* AppDelegate.swift in Sources */,
			);
			runOnlyForDeploymentPostprocessing = 0;
		};
/* End PBXSourcesBuildPhase section */

/* Begin PBXVariantGroup section */
		F62687851DB1B891000D5499 /* Main.storyboard */ = {
			isa = PBXVariantGroup;
			children = (
				F62687861DB1B891000D5499 /* Base */,
			);
			name = Main.storyboard;
			sourceTree = "<group>";
		};
		F626878A1DB1B891000D5499 /* LaunchScreen.storyboard */ = {
			isa = PBXVariantGroup;
			children = (
				F626878B1DB1B891000D5499 /* Base */,
			);
			name = LaunchScreen.storyboard;
			sourceTree = "<group>";
		};
/* End PBXVariantGroup section */

/* Begin XCBuildConfiguration section */
		F626878E1DB1B891000D5499 /* Debug */ = {
			isa = XCBuildConfiguration;
			buildSettings = {
				ALWAYS_SEARCH_USER_PATHS = NO;
				CLANG_ANALYZER_NONNULL = YES;
				CLANG_CXX_LANGUAGE_STANDARD = "gnu++0x";
				CLANG_CXX_LIBRARY = "libc++";
				CLANG_ENABLE_MODULES = YES;
				CLANG_ENABLE_OBJC_ARC = YES;
				CLANG_WARN_BOOL_CONVERSION = YES;
				CLANG_WARN_CONSTANT_CONVERSION = YES;
				CLANG_WARN_DIRECT_OBJC_ISA_USAGE = YES_ERROR;
				CLANG_WARN_DOCUMENTATION_COMMENTS = YES;
				CLANG_WARN_EMPTY_BODY = YES;
				CLANG_WARN_ENUM_CONVERSION = YES;
				CLANG_WARN_INFINITE_RECURSION = YES;
				CLANG_WARN_INT_CONVERSION = YES;
				CLANG_WARN_OBJC_ROOT_CLASS = YES_ERROR;
				CLANG_WARN_SUSPICIOUS_MOVES = YES;
				CLANG_WARN_UNREACHABLE_CODE = YES;
				CLANG_WARN__DUPLICATE_METHOD_MATCH = YES;
				"CODE_SIGN_IDENTITY[sdk=iphoneos*]" = "iPhone Developer";
				COPY_PHASE_STRIP = NO;
				DEBUG_INFORMATION_FORMAT = dwarf;
				ENABLE_STRICT_OBJC_MSGSEND = YES;
				ENABLE_TESTABILITY = YES;
				GCC_C_LANGUAGE_STANDARD = gnu99;
				GCC_DYNAMIC_NO_PIC = NO;
				GCC_NO_COMMON_BLOCKS = YES;
				GCC_OPTIMIZATION_LEVEL = 0;
				GCC_PREPROCESSOR_DEFINITIONS = (
					"DEBUG=1",
					"$(inherited)",
				);
				GCC_WARN_64_TO_32_BIT_CONVERSION = YES;
				GCC_WARN_ABOUT_RETURN_TYPE = YES_ERROR;
				GCC_WARN_UNDECLARED_SELECTOR = YES;
				GCC_WARN_UNINITIALIZED_AUTOS = YES_AGGRESSIVE;
				GCC_WARN_UNUSED_FUNCTION = YES;
				GCC_WARN_UNUSED_VARIABLE = YES;
				IPHONEOS_DEPLOYMENT_TARGET = 10.0;
				MTL_ENABLE_DEBUG_INFO = YES;
				ONLY_ACTIVE_ARCH = YES;
				SDKROOT = iphoneos;
				SWIFT_ACTIVE_COMPILATION_CONDITIONS = DEBUG;
				SWIFT_OPTIMIZATION_LEVEL = "-Onone";
			};
			name = Debug;
		};
		F626878F1DB1B891000D5499 /* Release */ = {
			isa = XCBuildConfiguration;
			buildSettings = {
				ALWAYS_SEARCH_USER_PATHS = NO;
				CLANG_ANALYZER_NONNULL = YES;
				CLANG_CXX_LANGUAGE_STANDARD = "gnu++0x";
				CLANG_CXX_LIBRARY = "libc++";
				CLANG_ENABLE_MODULES = YES;
				CLANG_ENABLE_OBJC_ARC = YES;
				CLANG_WARN_BOOL_CONVERSION = YES;
				CLANG_WARN_CONSTANT_CONVERSION = YES;
				CLANG_WARN_DIRECT_OBJC_ISA_USAGE = YES_ERROR;
				CLANG_WARN_DOCUMENTATION_COMMENTS = YES;
				CLANG_WARN_EMPTY_BODY = YES;
				CLANG_WARN_ENUM_CONVERSION = YES;
				CLANG_WARN_INFINITE_RECURSION = YES;
				CLANG_WARN_INT_CONVERSION = YES;
				CLANG_WARN_OBJC_ROOT_CLASS = YES_ERROR;
				CLANG_WARN_SUSPICIOUS_MOVES = YES;
				CLANG_WARN_UNREACHABLE_CODE = YES;
				CLANG_WARN__DUPLICATE_METHOD_MATCH = YES;
				"CODE_SIGN_IDENTITY[sdk=iphoneos*]" = "iPhone Developer";
				COPY_PHASE_STRIP = NO;
				DEBUG_INFORMATION_FORMAT = "dwarf-with-dsym";
				ENABLE_NS_ASSERTIONS = NO;
				ENABLE_STRICT_OBJC_MSGSEND = YES;
				GCC_C_LANGUAGE_STANDARD = gnu99;
				GCC_NO_COMMON_BLOCKS = YES;
				GCC_WARN_64_TO_32_BIT_CONVERSION = YES;
				GCC_WARN_ABOUT_RETURN_TYPE = YES_ERROR;
				GCC_WARN_UNDECLARED_SELECTOR = YES;
				GCC_WARN_UNINITIALIZED_AUTOS = YES_AGGRESSIVE;
				GCC_WARN_UNUSED_FUNCTION = YES;
				GCC_WARN_UNUSED_VARIABLE = YES;
				IPHONEOS_DEPLOYMENT_TARGET = 10.0;
				MTL_ENABLE_DEBUG_INFO = NO;
				SDKROOT = iphoneos;
				SWIFT_OPTIMIZATION_LEVEL = "-Owholemodule";
				VALIDATE_PRODUCT = YES;
			};
			name = Release;
		};
		F62687911DB1B891000D5499 /* Debug */ = {
			isa = XCBuildConfiguration;
			buildSettings = {
				ASSETCATALOG_COMPILER_APPICON_NAME = AppIcon;
				DEVELOPMENT_TEAM = 56BZK6T4P5;
				INFOPLIST_FILE = ImageFilter/Info.plist;
				LD_RUNPATH_SEARCH_PATHS = "$(inherited) @executable_path/Frameworks";
				PRODUCT_BUNDLE_IDENTIFIER = com.laurentshala.apps.ImageFilter;
				PRODUCT_NAME = "$(TARGET_NAME)";
				SWIFT_VERSION = 3.0;
			};
			name = Debug;
		};
		F62687921DB1B891000D5499 /* Release */ = {
			isa = XCBuildConfiguration;
			buildSettings = {
				ASSETCATALOG_COMPILER_APPICON_NAME = AppIcon;
				DEVELOPMENT_TEAM = 56BZK6T4P5;
				INFOPLIST_FILE = ImageFilter/Info.plist;
				LD_RUNPATH_SEARCH_PATHS = "$(inherited) @executable_path/Frameworks";
				PRODUCT_BUNDLE_IDENTIFIER = com.laurentshala.apps.ImageFilter;
				PRODUCT_NAME = "$(TARGET_NAME)";
				SWIFT_VERSION = 3.0;
			};
			name = Release;
		};
/* End XCBuildConfiguration section */

/* Begin XCConfigurationList section */
		F62687791DB1B891000D5499 /* Build configuration list for PBXProject "ImageFilter" */ = {
			isa = XCConfigurationList;
			buildConfigurations = (
				F626878E1DB1B891000D5499 /* Debug */,
				F626878F1DB1B891000D5499 /* Release */,
			);
			defaultConfigurationIsVisible = 0;
			defaultConfigurationName = Release;
		};
		F62687901DB1B891000D5499 /* Build configuration list for PBXNativeTarget "ImageFilter" */ = {
			isa = XCConfigurationList;
			buildConfigurations = (
				F62687911DB1B891000D5499 /* Debug */,
				F62687921DB1B891000D5499 /* Release */,
			);
			defaultConfigurationIsVisible = 0;
			defaultConfigurationName = Release;
		};
/* End XCConfigurationList section */
	};
	rootObject = F62687761DB1B891000D5499 /* Project object */;
}
